
Microsoft Visual Studio Solution File, Format Version 12.00
# Visual Studio Version 16
VisualStudioVersion = 16.0.30717.126
MinimumVisualStudioVersion = 10.0.40219.1
Project("{FAE04EC0-301F-11D3-BF4B-00C04F79EFBC}") = "ServiceInvocation", "ServiceInvocation\ServiceInvocation.csproj", "{C6D2BA4F-AEC3-478E-A0AC-B9ADFD9FD9F5}"
EndProject
Project("{2150E333-8FDC-42A3-9474-1A3956D46DE8}") = "Solution Items", "Solution Items", "{4B92877B-E657-4DEC-9829-356FBC15E273}"
	ProjectSection(SolutionItems) = preProject
		.gitignore = .gitignore
		LICENSE = LICENSE
		README.md = README.md
	EndProjectSection
EndProject
Global
	GlobalSection(SolutionConfigurationPlatforms) = preSolution
		Debug|Any CPU = Debug|Any CPU
		Release|Any CPU = Release|Any CPU
	EndGlobalSection
	GlobalSection(ProjectConfigurationPlatforms) = postSolution
		{C6D2BA4F-AEC3-478E-A0AC-B9ADFD9FD9F5}.Debug|Any CPU.ActiveCfg = Debug|Any CPU
		{C6D2BA4F-AEC3-478E-A0AC-B9ADFD9FD9F5}.Debug|Any CPU.Build.0 = Debug|Any CPU
		{C6D2BA4F-AEC3-478E-A0AC-B9ADFD9FD9F5}.Release|Any CPU.ActiveCfg = Release|Any CPU
		{C6D2BA4F-AEC3-478E-A0AC-B9ADFD9FD9F5}.Release|Any CPU.Build.0 = Release|Any CPU
	EndGlobalSection
	GlobalSection(SolutionProperties) = preSolution
		HideSolutionNode = FALSE
	EndGlobalSection
	GlobalSection(ExtensibilityGlobals) = postSolution
		SolutionGuid = {8B3C783B-4B78-4B50-BB8E-74F6F8BE7D1B}
	EndGlobalSection
EndGlobal
