
Microsoft Visual Studio Solution File, Format Version 12.00
# Visual Studio Version 17
VisualStudioVersion = 17.3.32901.215
MinimumVisualStudioVersion = 10.0.40219.1
Project("{9A19103F-16F7-4668-BE54-9A1E7A4F7556}") = "ServiceInvocation", "ServiceInvocation\ServiceInvocation.csproj", "{C6D2BA4F-AEC3-478E-A0AC-B9ADFD9FD9F5}"
EndProject
Project("{2150E333-8FDC-42A3-9474-1A3956D46DE8}") = "Solution Items", "Solution Items", "{4B92877B-E657-4DEC-9829-356FBC15E273}"
	ProjectSection(SolutionItems) = preProject
		.gitignore = .gitignore
		LICENSE = LICENSE
		README.md = README.md
	EndProjectSection
EndProject
Project("{9A19103F-16F7-4668-BE54-9A1E7A4F7556}") = "StateManagement", "StateManagement\StateManagement.csproj", "{2C4FAD79-2F01-4BB9-920C-5B389C541989}"
EndProject
Project("{9A19103F-16F7-4668-BE54-9A1E7A4F7556}") = "StateManagementWithSdk", "StateManagementWithSdk\StateManagementWithSdk.csproj", "{0B23A3EC-4CAF-46C9-9F00-A400408F8927}"
EndProject
Project("{9A19103F-16F7-4668-BE54-9A1E7A4F7556}") = "PubSubConsumer", "PubSubConsumer\PubSubConsumer.csproj", "{DF811FD7-770C-42CF-BE10-94E0FAADD7D8}"
EndProject
Project("{9A19103F-16F7-4668-BE54-9A1E7A4F7556}") = "PubSubProducer", "PubSubProducer\PubSubProducer.csproj", "{34FD3ABB-58E1-4790-AE87-B0C5282D9132}"
EndProject
Project("{FAE04EC0-301F-11D3-BF4B-00C04F79EFBC}") = "ConfigurationWithSdk", "ConfigurationWithSdk\ConfigurationWithSdk.csproj", "{4315E997-13E2-448E-A897-473F3A746057}"
EndProject
Global
	GlobalSection(SolutionConfigurationPlatforms) = preSolution
		Debug|Any CPU = Debug|Any CPU
		Release|Any CPU = Release|Any CPU
	EndGlobalSection
	GlobalSection(ProjectConfigurationPlatforms) = postSolution
		{C6D2BA4F-AEC3-478E-A0AC-B9ADFD9FD9F5}.Debug|Any CPU.ActiveCfg = Debug|Any CPU
		{C6D2BA4F-AEC3-478E-A0AC-B9ADFD9FD9F5}.Debug|Any CPU.Build.0 = Debug|Any CPU
		{C6D2BA4F-AEC3-478E-A0AC-B9ADFD9FD9F5}.Release|Any CPU.ActiveCfg = Release|Any CPU
		{C6D2BA4F-AEC3-478E-A0AC-B9ADFD9FD9F5}.Release|Any CPU.Build.0 = Release|Any CPU
		{2C4FAD79-2F01-4BB9-920C-5B389C541989}.Debug|Any CPU.ActiveCfg = Debug|Any CPU
		{2C4FAD79-2F01-4BB9-920C-5B389C541989}.Debug|Any CPU.Build.0 = Debug|Any CPU
		{2C4FAD79-2F01-4BB9-920C-5B389C541989}.Release|Any CPU.ActiveCfg = Release|Any CPU
		{2C4FAD79-2F01-4BB9-920C-5B389C541989}.Release|Any CPU.Build.0 = Release|Any CPU
		{0B23A3EC-4CAF-46C9-9F00-A400408F8927}.Debug|Any CPU.ActiveCfg = Debug|Any CPU
		{0B23A3EC-4CAF-46C9-9F00-A400408F8927}.Debug|Any CPU.Build.0 = Debug|Any CPU
		{0B23A3EC-4CAF-46C9-9F00-A400408F8927}.Release|Any CPU.ActiveCfg = Release|Any CPU
		{0B23A3EC-4CAF-46C9-9F00-A400408F8927}.Release|Any CPU.Build.0 = Release|Any CPU
		{DF811FD7-770C-42CF-BE10-94E0FAADD7D8}.Debug|Any CPU.ActiveCfg = Debug|Any CPU
		{DF811FD7-770C-42CF-BE10-94E0FAADD7D8}.Debug|Any CPU.Build.0 = Debug|Any CPU
		{DF811FD7-770C-42CF-BE10-94E0FAADD7D8}.Release|Any CPU.ActiveCfg = Release|Any CPU
		{DF811FD7-770C-42CF-BE10-94E0FAADD7D8}.Release|Any CPU.Build.0 = Release|Any CPU
		{34FD3ABB-58E1-4790-AE87-B0C5282D9132}.Debug|Any CPU.ActiveCfg = Debug|Any CPU
		{34FD3ABB-58E1-4790-AE87-B0C5282D9132}.Debug|Any CPU.Build.0 = Debug|Any CPU
		{34FD3ABB-58E1-4790-AE87-B0C5282D9132}.Release|Any CPU.ActiveCfg = Release|Any CPU
		{34FD3ABB-58E1-4790-AE87-B0C5282D9132}.Release|Any CPU.Build.0 = Release|Any CPU
		{4315E997-13E2-448E-A897-473F3A746057}.Debug|Any CPU.ActiveCfg = Debug|Any CPU
		{4315E997-13E2-448E-A897-473F3A746057}.Debug|Any CPU.Build.0 = Debug|Any CPU
		{4315E997-13E2-448E-A897-473F3A746057}.Release|Any CPU.ActiveCfg = Release|Any CPU
		{4315E997-13E2-448E-A897-473F3A746057}.Release|Any CPU.Build.0 = Release|Any CPU
	EndGlobalSection
	GlobalSection(SolutionProperties) = preSolution
		HideSolutionNode = FALSE
	EndGlobalSection
	GlobalSection(ExtensibilityGlobals) = postSolution
		SolutionGuid = {8B3C783B-4B78-4B50-BB8E-74F6F8BE7D1B}
	EndGlobalSection
EndGlobal
